
Microsoft Visual Studio Solution File, Format Version 12.00
# Visual Studio Version 17
VisualStudioVersion = 17.6.33801.468
MinimumVisualStudioVersion = 10.0.40219.1
Project("{FAE04EC0-301F-11D3-BF4B-00C04F79EFBC}") = "SportNet", "SportNet\SportNet.csproj", "{08591742-3802-4438-A888-A368ED7FF012}"
EndProject
Project("{2150E333-8FDC-42A3-9474-1A3956D46DE8}") = "Core", "Core", "{FE67A2A7-37F7-475D-B125-2C5C589885E3}"
EndProject
Project("{2150E333-8FDC-42A3-9474-1A3956D46DE8}") = "Source", "Source", "{F09DC695-43D6-4D1E-89AD-DC4788B1CFE1}"
EndProject
Project("{2150E333-8FDC-42A3-9474-1A3956D46DE8}") = "Infrastructure", "Infrastructure", "{70DBE1ED-F6DC-4770-838C-FE96521B9D45}"
EndProject
Project("{2150E333-8FDC-42A3-9474-1A3956D46DE8}") = "Presentation", "Presentation", "{95955602-38B9-45A6-AB4F-0C21C701ACCD}"
EndProject
Project("{2150E333-8FDC-42A3-9474-1A3956D46DE8}") = "WebApp", "WebApp", "{BB096715-DB7A-430C-AA8B-4784C113EB6D}"
EndProject
Project("{FAE04EC0-301F-11D3-BF4B-00C04F79EFBC}") = "SportNet.Core.Application", "SportNet.Core.Application\SportNet.Core.Application.csproj", "{4AE2FEDF-744C-45B7-8956-DD6C49D672E9}"
EndProject
Project("{FAE04EC0-301F-11D3-BF4B-00C04F79EFBC}") = "SportNet.Core.Domain", "SportNet.Core.Domain\SportNet.Core.Domain.csproj", "{B7B56153-76BD-4999-A70F-53151DD20D93}"
EndProject
Project("{FAE04EC0-301F-11D3-BF4B-00C04F79EFBC}") = "SportNet.Infrastructure.Persistence", "SportNet.Infrastructure.Persistence\SportNet.Infrastructure.Persistence.csproj", "{EB7893CD-1513-4C20-95B8-C0A5130FBDA4}"
EndProject
Project("{FAE04EC0-301F-11D3-BF4B-00C04F79EFBC}") = "SportNet.Infrastructure.Shared", "SportNet.Infrastructure.Shared\SportNet.Infrastructure.Shared.csproj", "{D88AA112-D521-453B-9C56-0E39629E88E1}"
EndProject
Global
	GlobalSection(SolutionConfigurationPlatforms) = preSolution
		Debug|Any CPU = Debug|Any CPU
		Release|Any CPU = Release|Any CPU
	EndGlobalSection
	GlobalSection(ProjectConfigurationPlatforms) = postSolution
		{08591742-3802-4438-A888-A368ED7FF012}.Debug|Any CPU.ActiveCfg = Debug|Any CPU
		{08591742-3802-4438-A888-A368ED7FF012}.Debug|Any CPU.Build.0 = Debug|Any CPU
		{08591742-3802-4438-A888-A368ED7FF012}.Release|Any CPU.ActiveCfg = Release|Any CPU
		{08591742-3802-4438-A888-A368ED7FF012}.Release|Any CPU.Build.0 = Release|Any CPU
		{4AE2FEDF-744C-45B7-8956-DD6C49D672E9}.Debug|Any CPU.ActiveCfg = Debug|Any CPU
		{4AE2FEDF-744C-45B7-8956-DD6C49D672E9}.Debug|Any CPU.Build.0 = Debug|Any CPU
		{4AE2FEDF-744C-45B7-8956-DD6C49D672E9}.Release|Any CPU.ActiveCfg = Release|Any CPU
		{4AE2FEDF-744C-45B7-8956-DD6C49D672E9}.Release|Any CPU.Build.0 = Release|Any CPU
		{B7B56153-76BD-4999-A70F-53151DD20D93}.Debug|Any CPU.ActiveCfg = Debug|Any CPU
		{B7B56153-76BD-4999-A70F-53151DD20D93}.Debug|Any CPU.Build.0 = Debug|Any CPU
		{B7B56153-76BD-4999-A70F-53151DD20D93}.Release|Any CPU.ActiveCfg = Release|Any CPU
		{B7B56153-76BD-4999-A70F-53151DD20D93}.Release|Any CPU.Build.0 = Release|Any CPU
		{EB7893CD-1513-4C20-95B8-C0A5130FBDA4}.Debug|Any CPU.ActiveCfg = Debug|Any CPU
		{EB7893CD-1513-4C20-95B8-C0A5130FBDA4}.Debug|Any CPU.Build.0 = Debug|Any CPU
		{EB7893CD-1513-4C20-95B8-C0A5130FBDA4}.Release|Any CPU.ActiveCfg = Release|Any CPU
		{EB7893CD-1513-4C20-95B8-C0A5130FBDA4}.Release|Any CPU.Build.0 = Release|Any CPU
		{D88AA112-D521-453B-9C56-0E39629E88E1}.Debug|Any CPU.ActiveCfg = Debug|Any CPU
		{D88AA112-D521-453B-9C56-0E39629E88E1}.Debug|Any CPU.Build.0 = Debug|Any CPU
		{D88AA112-D521-453B-9C56-0E39629E88E1}.Release|Any CPU.ActiveCfg = Release|Any CPU
		{D88AA112-D521-453B-9C56-0E39629E88E1}.Release|Any CPU.Build.0 = Release|Any CPU
	EndGlobalSection
	GlobalSection(SolutionProperties) = preSolution
		HideSolutionNode = FALSE
	EndGlobalSection
	GlobalSection(NestedProjects) = preSolution
		{08591742-3802-4438-A888-A368ED7FF012} = {BB096715-DB7A-430C-AA8B-4784C113EB6D}
		{FE67A2A7-37F7-475D-B125-2C5C589885E3} = {F09DC695-43D6-4D1E-89AD-DC4788B1CFE1}
		{70DBE1ED-F6DC-4770-838C-FE96521B9D45} = {F09DC695-43D6-4D1E-89AD-DC4788B1CFE1}
		{95955602-38B9-45A6-AB4F-0C21C701ACCD} = {F09DC695-43D6-4D1E-89AD-DC4788B1CFE1}
		{BB096715-DB7A-430C-AA8B-4784C113EB6D} = {95955602-38B9-45A6-AB4F-0C21C701ACCD}
		{4AE2FEDF-744C-45B7-8956-DD6C49D672E9} = {FE67A2A7-37F7-475D-B125-2C5C589885E3}
		{B7B56153-76BD-4999-A70F-53151DD20D93} = {FE67A2A7-37F7-475D-B125-2C5C589885E3}
		{EB7893CD-1513-4C20-95B8-C0A5130FBDA4} = {70DBE1ED-F6DC-4770-838C-FE96521B9D45}
		{D88AA112-D521-453B-9C56-0E39629E88E1} = {70DBE1ED-F6DC-4770-838C-FE96521B9D45}
	EndGlobalSection
	GlobalSection(ExtensibilityGlobals) = postSolution
		SolutionGuid = {1817AB06-2BBB-48CD-ABA5-B76075FC6689}
	EndGlobalSection
EndGlobal
